{
  "name": "posistagedmx",
  "version": "1.0.0",
  "lockfileVersion": 2,
  "requires": true,
  "packages": {
    "": {
      "name": "posistagedmx",
      "version": "1.0.0",
      "license": "MIT",
      "dependencies": {
        "sacn": "^4.1.0"
      }
    },
    "node_modules/sacn": {
      "version": "4.1.0",
      "resolved": "https://registry.npmjs.org/sacn/-/sacn-4.1.0.tgz",
      "integrity": "sha512-OdYeGjTXoZZO+r8pkIh8VIuOz5d7FMuKB4btNXj7fUY9QdMtt5p3BTYbaIXVRJagh0k02dGMDky+4g6hF99Rmw==",
      "engines": {
        "node": ">=10.0.0"
      }
    }
  },
  "dependencies": {
    "sacn": {
      "version": "4.1.0",
      "resolved": "https://registry.npmjs.org/sacn/-/sacn-4.1.0.tgz",
      "integrity": "sha512-OdYeGjTXoZZO+r8pkIh8VIuOz5d7FMuKB4btNXj7fUY9QdMtt5p3BTYbaIXVRJagh0k02dGMDky+4g6hF99Rmw=="
    }
  }
}
